
Microsoft Visual Studio Solution File, Format Version 12.00
# Visual Studio 15
VisualStudioVersion = 15.0.27703.2000
MinimumVisualStudioVersion = 10.0.40219.1
Project("{2150E333-8FDC-42A3-9474-1A3956D46DE8}") = "Notas", "Notas", "{0B9AD1A5-19C6-49AD-8782-486110F771FB}"
EndProject
Project("{2150E333-8FDC-42A3-9474-1A3956D46DE8}") = "SQL", "SQL", "{E7064C06-2091-4F4F-985D-0B4968E91080}"
	ProjectSection(SolutionItems) = preProject
		NotasSQL.txt = NotasSQL.txt
	EndProjectSection
EndProject
Project("{2150E333-8FDC-42A3-9474-1A3956D46DE8}") = "Scripts", "Scripts", "{1131AABE-D6C8-4629-9017-5572A856BDA2}"
EndProject
Project("{2150E333-8FDC-42A3-9474-1A3956D46DE8}") = "01.Tabelas", "01.Tabelas", "{18199824-EB10-485D-8FDF-7BE25EF85FA5}"
	ProjectSection(SolutionItems) = preProject
		rua_cep.sql = rua_cep.sql
	EndProjectSection
EndProject
Project("{2150E333-8FDC-42A3-9474-1A3956D46DE8}") = "02.Seeds", "02.Seeds", "{7DBEADE2-4137-4090-96B6-100AF8AA81EF}"
	ProjectSection(SolutionItems) = preProject
		1.pais.sql = 1.pais.sql
		2.estado.sql = 2.estado.sql
		3.cidade.sql = 3.cidade.sql
		4.tipo_logradouro.sql = 4.tipo_logradouro.sql
		bairros.sql = bairros.sql
		rua.sql = rua.sql
	EndProjectSection
EndProject
Project("{2150E333-8FDC-42A3-9474-1A3956D46DE8}") = "Projeto", "Projeto", "{2845101C-9C4B-4EC4-A25C-15E1C37169CB}"
	ProjectSection(SolutionItems) = preProject
		Diario do Projeto.txt = Diario do Projeto.txt
		Notas Diversas.txt = Notas Diversas.txt
	EndProjectSection
EndProject
Project("{9A19103F-16F7-4668-BE54-9A1E7A4F7556}") = "ProjetoFullStack.Util.Notificacoes", "ProjetoFullStack.Util.Notificacoes\ProjetoFullStack.Util.Notificacoes.csproj", "{377419E2-E031-4AE0-851F-C84CF44FC8AA}"
EndProject
Project("{FAE04EC0-301F-11D3-BF4B-00C04F79EFBC}") = "ProjetoFullStack.Testes.ConsoleApp", "ProjetoFullStack.Testes.ConsoleApp\ProjetoFullStack.Testes.ConsoleApp.csproj", "{A985D583-4F16-4097-861D-A7E08494A182}"
EndProject
Project("{FAE04EC0-301F-11D3-BF4B-00C04F79EFBC}") = "ProjetoFullStack.Util", "ProjetoFullStack.Util\ProjetoFullStack.Util.csproj", "{DF601B14-D0B7-46F6-B0A2-DDA8BA17AFE8}"
EndProject
Project("{FAE04EC0-301F-11D3-BF4B-00C04F79EFBC}") = "ProjetoFullStack.Infra.Data.EF", "ProjetoFullStack.Infra.Data.EF\ProjetoFullStack.Infra.Data.EF.csproj", "{224B6A28-09CD-434E-89BC-794A6D1A3E41}"
EndProject
Project("{FAE04EC0-301F-11D3-BF4B-00C04F79EFBC}") = "ProjetoFullstack.Aplicacao", "ProjetoFullstack.Aplicacao.Servicos\ProjetoFullstack.Aplicacao.csproj", "{6A41F323-0089-47AD-AF82-A3C31B866303}"
EndProject
Project("{FAE04EC0-301F-11D3-BF4B-00C04F79EFBC}") = "ProjetoFullStack.Startup", "ProjetoFullStack.Startup\ProjetoFullStack.Startup.csproj", "{C0ECBCC4-480E-4CDA-B639-273A60C48E05}"
EndProject
Project("{FAE04EC0-301F-11D3-BF4B-00C04F79EFBC}") = "ProjetoFullStack.Apresentacao.MVC", "ProjetoFullStack.Apresentacao.MVC\ProjetoFullStack.Apresentacao.MVC.csproj", "{7526FBC8-F457-4E2A-8C28-74082B8A6742}"
EndProject
Project("{FAE04EC0-301F-11D3-BF4B-00C04F79EFBC}") = "ProjetoFullStack.Apresentacao.HTML", "ProjetoFullStack.Apresentacao.HTML\ProjetoFullStack.Apresentacao.HTML.csproj", "{5A33D583-B489-48A5-95D4-9F805FB2676F}"
EndProject
Project("{FAE04EC0-301F-11D3-BF4B-00C04F79EFBC}") = "ProjetoFullStack.Dominio", "ProjetoFullStack.Dominios\ProjetoFullStack.Dominio.csproj", "{9FED544A-088C-4D7F-A2C1-9912D215910F}"
EndProject
Global
	GlobalSection(SolutionConfigurationPlatforms) = preSolution
		Debug|Any CPU = Debug|Any CPU
		Release|Any CPU = Release|Any CPU
	EndGlobalSection
	GlobalSection(ProjectConfigurationPlatforms) = postSolution
		{377419E2-E031-4AE0-851F-C84CF44FC8AA}.Debug|Any CPU.ActiveCfg = Debug|Any CPU
		{377419E2-E031-4AE0-851F-C84CF44FC8AA}.Debug|Any CPU.Build.0 = Debug|Any CPU
		{377419E2-E031-4AE0-851F-C84CF44FC8AA}.Release|Any CPU.ActiveCfg = Release|Any CPU
		{377419E2-E031-4AE0-851F-C84CF44FC8AA}.Release|Any CPU.Build.0 = Release|Any CPU
		{A985D583-4F16-4097-861D-A7E08494A182}.Debug|Any CPU.ActiveCfg = Debug|Any CPU
		{A985D583-4F16-4097-861D-A7E08494A182}.Debug|Any CPU.Build.0 = Debug|Any CPU
		{A985D583-4F16-4097-861D-A7E08494A182}.Release|Any CPU.ActiveCfg = Release|Any CPU
		{A985D583-4F16-4097-861D-A7E08494A182}.Release|Any CPU.Build.0 = Release|Any CPU
		{DF601B14-D0B7-46F6-B0A2-DDA8BA17AFE8}.Debug|Any CPU.ActiveCfg = Debug|Any CPU
		{DF601B14-D0B7-46F6-B0A2-DDA8BA17AFE8}.Debug|Any CPU.Build.0 = Debug|Any CPU
		{DF601B14-D0B7-46F6-B0A2-DDA8BA17AFE8}.Release|Any CPU.ActiveCfg = Release|Any CPU
		{DF601B14-D0B7-46F6-B0A2-DDA8BA17AFE8}.Release|Any CPU.Build.0 = Release|Any CPU
		{224B6A28-09CD-434E-89BC-794A6D1A3E41}.Debug|Any CPU.ActiveCfg = Debug|Any CPU
		{224B6A28-09CD-434E-89BC-794A6D1A3E41}.Debug|Any CPU.Build.0 = Debug|Any CPU
		{224B6A28-09CD-434E-89BC-794A6D1A3E41}.Release|Any CPU.ActiveCfg = Release|Any CPU
		{224B6A28-09CD-434E-89BC-794A6D1A3E41}.Release|Any CPU.Build.0 = Release|Any CPU
		{6A41F323-0089-47AD-AF82-A3C31B866303}.Debug|Any CPU.ActiveCfg = Debug|Any CPU
		{6A41F323-0089-47AD-AF82-A3C31B866303}.Debug|Any CPU.Build.0 = Debug|Any CPU
		{6A41F323-0089-47AD-AF82-A3C31B866303}.Release|Any CPU.ActiveCfg = Release|Any CPU
		{6A41F323-0089-47AD-AF82-A3C31B866303}.Release|Any CPU.Build.0 = Release|Any CPU
		{C0ECBCC4-480E-4CDA-B639-273A60C48E05}.Debug|Any CPU.ActiveCfg = Debug|Any CPU
		{C0ECBCC4-480E-4CDA-B639-273A60C48E05}.Debug|Any CPU.Build.0 = Debug|Any CPU
		{C0ECBCC4-480E-4CDA-B639-273A60C48E05}.Release|Any CPU.ActiveCfg = Release|Any CPU
		{C0ECBCC4-480E-4CDA-B639-273A60C48E05}.Release|Any CPU.Build.0 = Release|Any CPU
		{7526FBC8-F457-4E2A-8C28-74082B8A6742}.Debug|Any CPU.ActiveCfg = Debug|Any CPU
		{7526FBC8-F457-4E2A-8C28-74082B8A6742}.Debug|Any CPU.Build.0 = Debug|Any CPU
		{7526FBC8-F457-4E2A-8C28-74082B8A6742}.Release|Any CPU.ActiveCfg = Release|Any CPU
		{7526FBC8-F457-4E2A-8C28-74082B8A6742}.Release|Any CPU.Build.0 = Release|Any CPU
		{5A33D583-B489-48A5-95D4-9F805FB2676F}.Debug|Any CPU.ActiveCfg = Debug|Any CPU
		{5A33D583-B489-48A5-95D4-9F805FB2676F}.Debug|Any CPU.Build.0 = Debug|Any CPU
		{5A33D583-B489-48A5-95D4-9F805FB2676F}.Release|Any CPU.ActiveCfg = Release|Any CPU
		{5A33D583-B489-48A5-95D4-9F805FB2676F}.Release|Any CPU.Build.0 = Release|Any CPU
		{9FED544A-088C-4D7F-A2C1-9912D215910F}.Debug|Any CPU.ActiveCfg = Debug|Any CPU
		{9FED544A-088C-4D7F-A2C1-9912D215910F}.Debug|Any CPU.Build.0 = Debug|Any CPU
		{9FED544A-088C-4D7F-A2C1-9912D215910F}.Release|Any CPU.ActiveCfg = Release|Any CPU
		{9FED544A-088C-4D7F-A2C1-9912D215910F}.Release|Any CPU.Build.0 = Release|Any CPU
	EndGlobalSection
	GlobalSection(SolutionProperties) = preSolution
		HideSolutionNode = FALSE
	EndGlobalSection
	GlobalSection(NestedProjects) = preSolution
		{E7064C06-2091-4F4F-985D-0B4968E91080} = {0B9AD1A5-19C6-49AD-8782-486110F771FB}
		{1131AABE-D6C8-4629-9017-5572A856BDA2} = {E7064C06-2091-4F4F-985D-0B4968E91080}
		{18199824-EB10-485D-8FDF-7BE25EF85FA5} = {1131AABE-D6C8-4629-9017-5572A856BDA2}
		{7DBEADE2-4137-4090-96B6-100AF8AA81EF} = {1131AABE-D6C8-4629-9017-5572A856BDA2}
		{2845101C-9C4B-4EC4-A25C-15E1C37169CB} = {0B9AD1A5-19C6-49AD-8782-486110F771FB}
	EndGlobalSection
	GlobalSection(ExtensibilityGlobals) = postSolution
		SolutionGuid = {7902C213-AE38-4CE0-AD0B-2DB63D271E50}
	EndGlobalSection
EndGlobal
